// !$*UTF8*$!
{
	archiveVersion = 1;
	classes = {
	};
	objectVersion = 55;
	objects = {

/* Begin PBXBuildFile section */
		136F5DAB27B150540066125E /* ApiService.swift in Sources */ = {isa = PBXBuildFile; fileRef = 136F5DAA27B150540066125E /* ApiService.swift */; };
		136F5DAF27B15E350066125E /* MovieViewModel.swift in Sources */ = {isa = PBXBuildFile; fileRef = 136F5DAE27B15E350066125E /* MovieViewModel.swift */; };
		136F5DB127B1959B0066125E /* MovieTableViewCell.swift in Sources */ = {isa = PBXBuildFile; fileRef = 136F5DB027B1959B0066125E /* MovieTableViewCell.swift */; };
		13722E2227BD4B5700A2E4B5 /* MovieDetailsViewController.swift in Sources */ = {isa = PBXBuildFile; fileRef = 13722E2127BD4B5700A2E4B5 /* MovieDetailsViewController.swift */; };
		138297B227C3D27300AA9E44 /* ImageProvider.swift in Sources */ = {isa = PBXBuildFile; fileRef = 138297B127C3D27300AA9E44 /* ImageProvider.swift */; };
		13872EDA27BEB52900BA96A2 /* MovieView.swift in Sources */ = {isa = PBXBuildFile; fileRef = 13872ED927BEB52900BA96A2 /* MovieView.swift */; };
		13872EDC27BEB53B00BA96A2 /* MovieDetailsView.swift in Sources */ = {isa = PBXBuildFile; fileRef = 13872EDB27BEB53B00BA96A2 /* MovieDetailsView.swift */; };
		13872EE227BF1D2800BA96A2 /* String+Extensions.swift in Sources */ = {isa = PBXBuildFile; fileRef = 13872EE127BF1D2800BA96A2 /* String+Extensions.swift */; };
		13BDBBE427B038B9006259D5 /* AppDelegate.swift in Sources */ = {isa = PBXBuildFile; fileRef = 13BDBBE327B038B9006259D5 /* AppDelegate.swift */; };
		13BDBBE627B038B9006259D5 /* SceneDelegate.swift in Sources */ = {isa = PBXBuildFile; fileRef = 13BDBBE527B038B9006259D5 /* SceneDelegate.swift */; };
		13BDBBE827B038B9006259D5 /* MovieViewController.swift in Sources */ = {isa = PBXBuildFile; fileRef = 13BDBBE727B038B9006259D5 /* MovieViewController.swift */; };
		13BDBBED27B038BB006259D5 /* Assets.xcassets in Resources */ = {isa = PBXBuildFile; fileRef = 13BDBBEC27B038BB006259D5 /* Assets.xcassets */; };
		13BDBBF027B038BB006259D5 /* LaunchScreen.storyboard in Resources */ = {isa = PBXBuildFile; fileRef = 13BDBBEE27B038BB006259D5 /* LaunchScreen.storyboard */; };
		13BDBBF827B03A1B006259D5 /* Model.swift in Sources */ = {isa = PBXBuildFile; fileRef = 13BDBBF727B03A1B006259D5 /* Model.swift */; };
		918792873FAD7746E2E1E89D /* Pods_Rest_API.framework in Frameworks */ = {isa = PBXBuildFile; fileRef = 6A8C6A25FCD1C96768DF5668 /* Pods_Rest_API.framework */; };
/* End PBXBuildFile section */

/* Begin PBXFileReference section */
		136F5DAA27B150540066125E /* ApiService.swift */ = {isa = PBXFileReference; lastKnownFileType = sourcecode.swift; path = ApiService.swift; sourceTree = "<group>"; };
		136F5DAE27B15E350066125E /* MovieViewModel.swift */ = {isa = PBXFileReference; lastKnownFileType = sourcecode.swift; path = MovieViewModel.swift; sourceTree = "<group>"; };
		136F5DB027B1959B0066125E /* MovieTableViewCell.swift */ = {isa = PBXFileReference; lastKnownFileType = sourcecode.swift; path = MovieTableViewCell.swift; sourceTree = "<group>"; };
		13722E2127BD4B5700A2E4B5 /* MovieDetailsViewController.swift */ = {isa = PBXFileReference; lastKnownFileType = sourcecode.swift; path = MovieDetailsViewController.swift; sourceTree = "<group>"; };
		138297B127C3D27300AA9E44 /* ImageProvider.swift */ = {isa = PBXFileReference; lastKnownFileType = sourcecode.swift; path = ImageProvider.swift; sourceTree = "<group>"; };
		13872ED927BEB52900BA96A2 /* MovieView.swift */ = {isa = PBXFileReference; lastKnownFileType = sourcecode.swift; path = MovieView.swift; sourceTree = "<group>"; };
		13872EDB27BEB53B00BA96A2 /* MovieDetailsView.swift */ = {isa = PBXFileReference; lastKnownFileType = sourcecode.swift; path = MovieDetailsView.swift; sourceTree = "<group>"; };
		13872EE127BF1D2800BA96A2 /* String+Extensions.swift */ = {isa = PBXFileReference; lastKnownFileType = sourcecode.swift; path = "String+Extensions.swift"; sourceTree = "<group>"; };
		13BDBBE027B038B8006259D5 /* Rest API.app */ = {isa = PBXFileReference; explicitFileType = wrapper.application; includeInIndex = 0; path = "Rest API.app"; sourceTree = BUILT_PRODUCTS_DIR; };
		13BDBBE327B038B9006259D5 /* AppDelegate.swift */ = {isa = PBXFileReference; lastKnownFileType = sourcecode.swift; path = AppDelegate.swift; sourceTree = "<group>"; };
		13BDBBE527B038B9006259D5 /* SceneDelegate.swift */ = {isa = PBXFileReference; lastKnownFileType = sourcecode.swift; path = SceneDelegate.swift; sourceTree = "<group>"; };
		13BDBBE727B038B9006259D5 /* MovieViewController.swift */ = {isa = PBXFileReference; lastKnownFileType = sourcecode.swift; path = MovieViewController.swift; sourceTree = "<group>"; };
		13BDBBEC27B038BB006259D5 /* Assets.xcassets */ = {isa = PBXFileReference; lastKnownFileType = folder.assetcatalog; path = Assets.xcassets; sourceTree = "<group>"; };
		13BDBBEF27B038BB006259D5 /* Base */ = {isa = PBXFileReference; lastKnownFileType = file.storyboard; name = Base; path = Base.lproj/LaunchScreen.storyboard; sourceTree = "<group>"; };
		13BDBBF127B038BB006259D5 /* Info.plist */ = {isa = PBXFileReference; lastKnownFileType = text.plist.xml; path = Info.plist; sourceTree = "<group>"; };
		13BDBBF727B03A1B006259D5 /* Model.swift */ = {isa = PBXFileReference; lastKnownFileType = sourcecode.swift; path = Model.swift; sourceTree = "<group>"; };
		6A8C6A25FCD1C96768DF5668 /* Pods_Rest_API.framework */ = {isa = PBXFileReference; explicitFileType = wrapper.framework; includeInIndex = 0; path = Pods_Rest_API.framework; sourceTree = BUILT_PRODUCTS_DIR; };
		D4698125BF0D6A7E7C178758 /* Pods-Rest API.release.xcconfig */ = {isa = PBXFileReference; includeInIndex = 1; lastKnownFileType = text.xcconfig; name = "Pods-Rest API.release.xcconfig"; path = "Target Support Files/Pods-Rest API/Pods-Rest API.release.xcconfig"; sourceTree = "<group>"; };
		E56B00EACAFBA4E008DB584A /* Pods-Rest API.debug.xcconfig */ = {isa = PBXFileReference; includeInIndex = 1; lastKnownFileType = text.xcconfig; name = "Pods-Rest API.debug.xcconfig"; path = "Target Support Files/Pods-Rest API/Pods-Rest API.debug.xcconfig"; sourceTree = "<group>"; };
/* End PBXFileReference section */

/* Begin PBXFrameworksBuildPhase section */
		13BDBBDD27B038B8006259D5 /* Frameworks */ = {
			isa = PBXFrameworksBuildPhase;
			buildActionMask = 2147483647;
			files = (
				918792873FAD7746E2E1E89D /* Pods_Rest_API.framework in Frameworks */,
			);
			runOnlyForDeploymentPostprocessing = 0;
		};
/* End PBXFrameworksBuildPhase section */

/* Begin PBXGroup section */
		0CA1E5D67E53005DB4D2D4A2 /* Pods */ = {
			isa = PBXGroup;
			children = (
				E56B00EACAFBA4E008DB584A /* Pods-Rest API.debug.xcconfig */,
				D4698125BF0D6A7E7C178758 /* Pods-Rest API.release.xcconfig */,
			);
			path = Pods;
			sourceTree = "<group>";
		};
		110F3E1E6F43AD6015350613 /* Frameworks */ = {
			isa = PBXGroup;
			children = (
				6A8C6A25FCD1C96768DF5668 /* Pods_Rest_API.framework */,
			);
			name = Frameworks;
			sourceTree = "<group>";
		};
		13872EDD27BEB90B00BA96A2 /* NetWorking */ = {
			isa = PBXGroup;
			children = (
				136F5DAA27B150540066125E /* ApiService.swift */,
				138297B127C3D27300AA9E44 /* ImageProvider.swift */,
			);
			path = NetWorking;
			sourceTree = "<group>";
		};
		13872EDE27BEF5D100BA96A2 /* Extension */ = {
			isa = PBXGroup;
			children = (
				13872EE127BF1D2800BA96A2 /* String+Extensions.swift */,
			);
			path = Extension;
			sourceTree = "<group>";
		};
		13BDBBD727B038B8006259D5 = {
			isa = PBXGroup;
			children = (
				13BDBBE227B038B8006259D5 /* Rest API */,
				13BDBBE127B038B8006259D5 /* Products */,
				0CA1E5D67E53005DB4D2D4A2 /* Pods */,
				110F3E1E6F43AD6015350613 /* Frameworks */,
			);
			sourceTree = "<group>";
		};
		13BDBBE127B038B8006259D5 /* Products */ = {
			isa = PBXGroup;
			children = (
				13BDBBE027B038B8006259D5 /* Rest API.app */,
			);
			name = Products;
			sourceTree = "<group>";
		};
		13BDBBE227B038B8006259D5 /* Rest API */ = {
			isa = PBXGroup;
			children = (
				13F2E41827FB772B00EB6F88 /* Scenes */,
				13872EDE27BEF5D100BA96A2 /* Extension */,
				13872EDD27BEB90B00BA96A2 /* NetWorking */,
				13C9179B27B57D2F001D96B6 /* Model */,
				13BDBBE327B038B9006259D5 /* AppDelegate.swift */,
				13BDBBE527B038B9006259D5 /* SceneDelegate.swift */,
				13BDBBEC27B038BB006259D5 /* Assets.xcassets */,
				13BDBBEE27B038BB006259D5 /* LaunchScreen.storyboard */,
				13BDBBF127B038BB006259D5 /* Info.plist */,
			);
			path = "Rest API";
			sourceTree = "<group>";
		};
		13C9179B27B57D2F001D96B6 /* Model */ = {
			isa = PBXGroup;
			children = (
				13BDBBF727B03A1B006259D5 /* Model.swift */,
			);
			path = Model;
			sourceTree = "<group>";
		};
		13F2E41827FB772B00EB6F88 /* Scenes */ = {
			isa = PBXGroup;
			children = (
				13F2E41927FB773100EB6F88 /* Movie */,
				13F2E41A27FB773500EB6F88 /* MovieDetails */,
			);
			path = Scenes;
			sourceTree = "<group>";
		};
		13F2E41927FB773100EB6F88 /* Movie */ = {
			isa = PBXGroup;
			children = (
				136F5DAE27B15E350066125E /* MovieViewModel.swift */,
				136F5DB027B1959B0066125E /* MovieTableViewCell.swift */,
				13872ED927BEB52900BA96A2 /* MovieView.swift */,
				13BDBBE727B038B9006259D5 /* MovieViewController.swift */,
			);
			path = Movie;
			sourceTree = "<group>";
		};
		13F2E41A27FB773500EB6F88 /* MovieDetails */ = {
			isa = PBXGroup;
			children = (
				13872EDB27BEB53B00BA96A2 /* MovieDetailsView.swift */,
				13722E2127BD4B5700A2E4B5 /* MovieDetailsViewController.swift */,
			);
			path = MovieDetails;
			sourceTree = "<group>";
		};
/* End PBXGroup section */

/* Begin PBXNativeTarget section */
		13BDBBDF27B038B8006259D5 /* Rest API */ = {
			isa = PBXNativeTarget;
			buildConfigurationList = 13BDBBF427B038BB006259D5 /* Build configuration list for PBXNativeTarget "Rest API" */;
			buildPhases = (
				6C321A5B34C825675C1FA2FF /* [CP] Check Pods Manifest.lock */,
				13BDBBDC27B038B8006259D5 /* Sources */,
				13BDBBDD27B038B8006259D5 /* Frameworks */,
				13BDBBDE27B038B8006259D5 /* Resources */,
				49D66B4CA08DA90415BFD7C6 /* [CP] Embed Pods Frameworks */,
			);
			buildRules = (
			);
			dependencies = (
			);
			name = "Rest API";
			productName = "Rest API";
			productReference = 13BDBBE027B038B8006259D5 /* Rest API.app */;
			productType = "com.apple.product-type.application";
		};
/* End PBXNativeTarget section */

/* Begin PBXProject section */
		13BDBBD827B038B8006259D5 /* Project object */ = {
			isa = PBXProject;
			attributes = {
				BuildIndependentTargetsInParallel = 1;
				LastSwiftUpdateCheck = 1320;
				LastUpgradeCheck = 1320;
				TargetAttributes = {
					13BDBBDF27B038B8006259D5 = {
						CreatedOnToolsVersion = 13.2.1;
					};
				};
			};
			buildConfigurationList = 13BDBBDB27B038B8006259D5 /* Build configuration list for PBXProject "Rest API" */;
			compatibilityVersion = "Xcode 13.0";
			developmentRegion = en;
			hasScannedForEncodings = 0;
			knownRegions = (
				en,
				Base,
			);
			mainGroup = 13BDBBD727B038B8006259D5;
			productRefGroup = 13BDBBE127B038B8006259D5 /* Products */;
			projectDirPath = "";
			projectRoot = "";
			targets = (
				13BDBBDF27B038B8006259D5 /* Rest API */,
			);
		};
/* End PBXProject section */

/* Begin PBXResourcesBuildPhase section */
		13BDBBDE27B038B8006259D5 /* Resources */ = {
			isa = PBXResourcesBuildPhase;
			buildActionMask = 2147483647;
			files = (
				13BDBBF027B038BB006259D5 /* LaunchScreen.storyboard in Resources */,
				13BDBBED27B038BB006259D5 /* Assets.xcassets in Resources */,
			);
			runOnlyForDeploymentPostprocessing = 0;
		};
/* End PBXResourcesBuildPhase section */

/* Begin PBXShellScriptBuildPhase section */
		49D66B4CA08DA90415BFD7C6 /* [CP] Embed Pods Frameworks */ = {
			isa = PBXShellScriptBuildPhase;
			buildActionMask = 2147483647;
			files = (
			);
			inputFileListPaths = (
				"${PODS_ROOT}/Target Support Files/Pods-Rest API/Pods-Rest API-frameworks-${CONFIGURATION}-input-files.xcfilelist",
			);
			name = "[CP] Embed Pods Frameworks";
			outputFileListPaths = (
				"${PODS_ROOT}/Target Support Files/Pods-Rest API/Pods-Rest API-frameworks-${CONFIGURATION}-output-files.xcfilelist",
			);
			runOnlyForDeploymentPostprocessing = 0;
			shellPath = /bin/sh;
			shellScript = "\"${PODS_ROOT}/Target Support Files/Pods-Rest API/Pods-Rest API-frameworks.sh\"\n";
			showEnvVarsInLog = 0;
		};
		6C321A5B34C825675C1FA2FF /* [CP] Check Pods Manifest.lock */ = {
			isa = PBXShellScriptBuildPhase;
			buildActionMask = 2147483647;
			files = (
			);
			inputFileListPaths = (
			);
			inputPaths = (
				"${PODS_PODFILE_DIR_PATH}/Podfile.lock",
				"${PODS_ROOT}/Manifest.lock",
			);
			name = "[CP] Check Pods Manifest.lock";
			outputFileListPaths = (
			);
			outputPaths = (
				"$(DERIVED_FILE_DIR)/Pods-Rest API-checkManifestLockResult.txt",
			);
			runOnlyForDeploymentPostprocessing = 0;
			shellPath = /bin/sh;
			shellScript = "diff \"${PODS_PODFILE_DIR_PATH}/Podfile.lock\" \"${PODS_ROOT}/Manifest.lock\" > /dev/null\nif [ $? != 0 ] ; then\n    # print error to STDERR\n    echo \"error: The sandbox is not in sync with the Podfile.lock. Run 'pod install' or update your CocoaPods installation.\" >&2\n    exit 1\nfi\n# This output is used by Xcode 'outputs' to avoid re-running this script phase.\necho \"SUCCESS\" > \"${SCRIPT_OUTPUT_FILE_0}\"\n";
			showEnvVarsInLog = 0;
		};
/* End PBXShellScriptBuildPhase section */

/* Begin PBXSourcesBuildPhase section */
		13BDBBDC27B038B8006259D5 /* Sources */ = {
			isa = PBXSourcesBuildPhase;
			buildActionMask = 2147483647;
			files = (
				13722E2227BD4B5700A2E4B5 /* MovieDetailsViewController.swift in Sources */,
				13872EE227BF1D2800BA96A2 /* String+Extensions.swift in Sources */,
				13BDBBE827B038B9006259D5 /* MovieViewController.swift in Sources */,
				136F5DAB27B150540066125E /* ApiService.swift in Sources */,
				136F5DB127B1959B0066125E /* MovieTableViewCell.swift in Sources */,
				13872EDC27BEB53B00BA96A2 /* MovieDetailsView.swift in Sources */,
				13872EDA27BEB52900BA96A2 /* MovieView.swift in Sources */,
				13BDBBE427B038B9006259D5 /* AppDelegate.swift in Sources */,
				138297B227C3D27300AA9E44 /* ImageProvider.swift in Sources */,
				13BDBBE627B038B9006259D5 /* SceneDelegate.swift in Sources */,
				13BDBBF827B03A1B006259D5 /* Model.swift in Sources */,
				136F5DAF27B15E350066125E /* MovieViewModel.swift in Sources */,
			);
			runOnlyForDeploymentPostprocessing = 0;
		};
/* End PBXSourcesBuildPhase section */

/* Begin PBXVariantGroup section */
		13BDBBEE27B038BB006259D5 /* LaunchScreen.storyboard */ = {
			isa = PBXVariantGroup;
			children = (
				13BDBBEF27B038BB006259D5 /* Base */,
			);
			name = LaunchScreen.storyboard;
			sourceTree = "<group>";
		};
/* End PBXVariantGroup section */

/* Begin XCBuildConfiguration section */
		13BDBBF227B038BB006259D5 /* Debug */ = {
			isa = XCBuildConfiguration;
			buildSettings = {
				ALWAYS_SEARCH_USER_PATHS = NO;
				CLANG_ANALYZER_NONNULL = YES;
				CLANG_ANALYZER_NUMBER_OBJECT_CONVERSION = YES_AGGRESSIVE;
				CLANG_CXX_LANGUAGE_STANDARD = "gnu++17";
				CLANG_CXX_LIBRARY = "libc++";
				CLANG_ENABLE_MODULES = YES;
				CLANG_ENABLE_OBJC_ARC = YES;
				CLANG_ENABLE_OBJC_WEAK = YES;
				CLANG_WARN_BLOCK_CAPTURE_AUTORELEASING = YES;
				CLANG_WARN_BOOL_CONVERSION = YES;
				CLANG_WARN_COMMA = YES;
				CLANG_WARN_CONSTANT_CONVERSION = YES;
				CLANG_WARN_DEPRECATED_OBJC_IMPLEMENTATIONS = YES;
				CLANG_WARN_DIRECT_OBJC_ISA_USAGE = YES_ERROR;
				CLANG_WARN_DOCUMENTATION_COMMENTS = YES;
				CLANG_WARN_EMPTY_BODY = YES;
				CLANG_WARN_ENUM_CONVERSION = YES;
				CLANG_WARN_INFINITE_RECURSION = YES;
				CLANG_WARN_INT_CONVERSION = YES;
				CLANG_WARN_NON_LITERAL_NULL_CONVERSION = YES;
				CLANG_WARN_OBJC_IMPLICIT_RETAIN_SELF = YES;
				CLANG_WARN_OBJC_LITERAL_CONVERSION = YES;
				CLANG_WARN_OBJC_ROOT_CLASS = YES_ERROR;
				CLANG_WARN_QUOTED_INCLUDE_IN_FRAMEWORK_HEADER = YES;
				CLANG_WARN_RANGE_LOOP_ANALYSIS = YES;
				CLANG_WARN_STRICT_PROTOTYPES = YES;
				CLANG_WARN_SUSPICIOUS_MOVE = YES;
				CLANG_WARN_UNGUARDED_AVAILABILITY = YES_AGGRESSIVE;
				CLANG_WARN_UNREACHABLE_CODE = YES;
				CLANG_WARN__DUPLICATE_METHOD_MATCH = YES;
				COPY_PHASE_STRIP = NO;
				DEBUG_INFORMATION_FORMAT = dwarf;
				ENABLE_STRICT_OBJC_MSGSEND = YES;
				ENABLE_TESTABILITY = YES;
				GCC_C_LANGUAGE_STANDARD = gnu11;
				GCC_DYNAMIC_NO_PIC = NO;
				GCC_NO_COMMON_BLOCKS = YES;
				GCC_OPTIMIZATION_LEVEL = 0;
				GCC_PREPROCESSOR_DEFINITIONS = (
					"DEBUG=1",
					"$(inherited)",
				);
				GCC_WARN_64_TO_32_BIT_CONVERSION = YES;
				GCC_WARN_ABOUT_RETURN_TYPE = YES_ERROR;
				GCC_WARN_UNDECLARED_SELECTOR = YES;
				GCC_WARN_UNINITIALIZED_AUTOS = YES_AGGRESSIVE;
				GCC_WARN_UNUSED_FUNCTION = YES;
				GCC_WARN_UNUSED_VARIABLE = YES;
				IPHONEOS_DEPLOYMENT_TARGET = 15.2;
				MTL_ENABLE_DEBUG_INFO = INCLUDE_SOURCE;
				MTL_FAST_MATH = YES;
				ONLY_ACTIVE_ARCH = YES;
				SDKROOT = iphoneos;
				SWIFT_ACTIVE_COMPILATION_CONDITIONS = DEBUG;
				SWIFT_OPTIMIZATION_LEVEL = "-Onone";
			};
			name = Debug;
		};
		13BDBBF327B038BB006259D5 /* Release */ = {
			isa = XCBuildConfiguration;
			buildSettings = {
				ALWAYS_SEARCH_USER_PATHS = NO;
				CLANG_ANALYZER_NONNULL = YES;
				CLANG_ANALYZER_NUMBER_OBJECT_CONVERSION = YES_AGGRESSIVE;
				CLANG_CXX_LANGUAGE_STANDARD = "gnu++17";
				CLANG_CXX_LIBRARY = "libc++";
				CLANG_ENABLE_MODULES = YES;
				CLANG_ENABLE_OBJC_ARC = YES;
				CLANG_ENABLE_OBJC_WEAK = YES;
				CLANG_WARN_BLOCK_CAPTURE_AUTORELEASING = YES;
				CLANG_WARN_BOOL_CONVERSION = YES;
				CLANG_WARN_COMMA = YES;
				CLANG_WARN_CONSTANT_CONVERSION = YES;
				CLANG_WARN_DEPRECATED_OBJC_IMPLEMENTATIONS = YES;
				CLANG_WARN_DIRECT_OBJC_ISA_USAGE = YES_ERROR;
				CLANG_WARN_DOCUMENTATION_COMMENTS = YES;
				CLANG_WARN_EMPTY_BODY = YES;
				CLANG_WARN_ENUM_CONVERSION = YES;
				CLANG_WARN_INFINITE_RECURSION = YES;
				CLANG_WARN_INT_CONVERSION = YES;
				CLANG_WARN_NON_LITERAL_NULL_CONVERSION = YES;
				CLANG_WARN_OBJC_IMPLICIT_RETAIN_SELF = YES;
				CLANG_WARN_OBJC_LITERAL_CONVERSION = YES;
				CLANG_WARN_OBJC_ROOT_CLASS = YES_ERROR;
				CLANG_WARN_QUOTED_INCLUDE_IN_FRAMEWORK_HEADER = YES;
				CLANG_WARN_RANGE_LOOP_ANALYSIS = YES;
				CLANG_WARN_STRICT_PROTOTYPES = YES;
				CLANG_WARN_SUSPICIOUS_MOVE = YES;
				CLANG_WARN_UNGUARDED_AVAILABILITY = YES_AGGRESSIVE;
				CLANG_WARN_UNREACHABLE_CODE = YES;
				CLANG_WARN__DUPLICATE_METHOD_MATCH = YES;
				COPY_PHASE_STRIP = NO;
				DEBUG_INFORMATION_FORMAT = "dwarf-with-dsym";
				ENABLE_NS_ASSERTIONS = NO;
				ENABLE_STRICT_OBJC_MSGSEND = YES;
				GCC_C_LANGUAGE_STANDARD = gnu11;
				GCC_NO_COMMON_BLOCKS = YES;
				GCC_WARN_64_TO_32_BIT_CONVERSION = YES;
				GCC_WARN_ABOUT_RETURN_TYPE = YES_ERROR;
				GCC_WARN_UNDECLARED_SELECTOR = YES;
				GCC_WARN_UNINITIALIZED_AUTOS = YES_AGGRESSIVE;
				GCC_WARN_UNUSED_FUNCTION = YES;
				GCC_WARN_UNUSED_VARIABLE = YES;
				IPHONEOS_DEPLOYMENT_TARGET = 15.2;
				MTL_ENABLE_DEBUG_INFO = NO;
				MTL_FAST_MATH = YES;
				SDKROOT = iphoneos;
				SWIFT_COMPILATION_MODE = wholemodule;
				SWIFT_OPTIMIZATION_LEVEL = "-O";
				VALIDATE_PRODUCT = YES;
			};
			name = Release;
		};
		13BDBBF527B038BB006259D5 /* Debug */ = {
			isa = XCBuildConfiguration;
			baseConfigurationReference = E56B00EACAFBA4E008DB584A /* Pods-Rest API.debug.xcconfig */;
			buildSettings = {
				ASSETCATALOG_COMPILER_APPICON_NAME = AppIcon;
				ASSETCATALOG_COMPILER_GLOBAL_ACCENT_COLOR_NAME = AccentColor;
				CODE_SIGN_STYLE = Automatic;
				CURRENT_PROJECT_VERSION = 1;
				DEVELOPMENT_TEAM = 63T8PTV9GL;
				GENERATE_INFOPLIST_FILE = YES;
				INFOPLIST_FILE = "Rest API/Info.plist";
				INFOPLIST_KEY_UIApplicationSupportsIndirectInputEvents = YES;
				INFOPLIST_KEY_UILaunchStoryboardName = LaunchScreen;
				INFOPLIST_KEY_UISupportedInterfaceOrientations = UIInterfaceOrientationPortrait;
				INFOPLIST_KEY_UISupportedInterfaceOrientations_iPad = "UIInterfaceOrientationPortrait UIInterfaceOrientationPortraitUpsideDown UIInterfaceOrientationLandscapeLeft UIInterfaceOrientationLandscapeRight";
				INFOPLIST_KEY_UISupportedInterfaceOrientations_iPhone = "UIInterfaceOrientationPortrait UIInterfaceOrientationLandscapeLeft UIInterfaceOrientationLandscapeRight";
				LD_RUNPATH_SEARCH_PATHS = (
					"$(inherited)",
					"@executable_path/Frameworks",
				);
				MARKETING_VERSION = 1.0;
				PRODUCT_BUNDLE_IDENTIFIER = "victor.Rest-API";
				PRODUCT_NAME = "$(TARGET_NAME)";
				SWIFT_EMIT_LOC_STRINGS = YES;
				SWIFT_VERSION = 5.0;
				TARGETED_DEVICE_FAMILY = "1,2";
			};
			name = Debug;
		};
		13BDBBF627B038BB006259D5 /* Release */ = {
			isa = XCBuildConfiguration;
			baseConfigurationReference = D4698125BF0D6A7E7C178758 /* Pods-Rest API.release.xcconfig */;
			buildSettings = {
				ASSETCATALOG_COMPILER_APPICON_NAME = AppIcon;
				ASSETCATALOG_COMPILER_GLOBAL_ACCENT_COLOR_NAME = AccentColor;
				CODE_SIGN_STYLE = Automatic;
				CURRENT_PROJECT_VERSION = 1;
				DEVELOPMENT_TEAM = 63T8PTV9GL;
				GENERATE_INFOPLIST_FILE = YES;
				INFOPLIST_FILE = "Rest API/Info.plist";
				INFOPLIST_KEY_UIApplicationSupportsIndirectInputEvents = YES;
				INFOPLIST_KEY_UILaunchStoryboardName = LaunchScreen;
				INFOPLIST_KEY_UISupportedInterfaceOrientations = UIInterfaceOrientationPortrait;
				INFOPLIST_KEY_UISupportedInterfaceOrientations_iPad = "UIInterfaceOrientationPortrait UIInterfaceOrientationPortraitUpsideDown UIInterfaceOrientationLandscapeLeft UIInterfaceOrientationLandscapeRight";
				INFOPLIST_KEY_UISupportedInterfaceOrientations_iPhone = "UIInterfaceOrientationPortrait UIInterfaceOrientationLandscapeLeft UIInterfaceOrientationLandscapeRight";
				LD_RUNPATH_SEARCH_PATHS = (
					"$(inherited)",
					"@executable_path/Frameworks",
				);
				MARKETING_VERSION = 1.0;
				PRODUCT_BUNDLE_IDENTIFIER = "victor.Rest-API";
				PRODUCT_NAME = "$(TARGET_NAME)";
				SWIFT_EMIT_LOC_STRINGS = YES;
				SWIFT_VERSION = 5.0;
				TARGETED_DEVICE_FAMILY = "1,2";
			};
			name = Release;
		};
/* End XCBuildConfiguration section */

/* Begin XCConfigurationList section */
		13BDBBDB27B038B8006259D5 /* Build configuration list for PBXProject "Rest API" */ = {
			isa = XCConfigurationList;
			buildConfigurations = (
				13BDBBF227B038BB006259D5 /* Debug */,
				13BDBBF327B038BB006259D5 /* Release */,
			);
			defaultConfigurationIsVisible = 0;
			defaultConfigurationName = Release;
		};
		13BDBBF427B038BB006259D5 /* Build configuration list for PBXNativeTarget "Rest API" */ = {
			isa = XCConfigurationList;
			buildConfigurations = (
				13BDBBF527B038BB006259D5 /* Debug */,
				13BDBBF627B038BB006259D5 /* Release */,
			);
			defaultConfigurationIsVisible = 0;
			defaultConfigurationName = Release;
		};
/* End XCConfigurationList section */
	};
	rootObject = 13BDBBD827B038B8006259D5 /* Project object */;
}
